
Microsoft Visual Studio Solution File, Format Version 12.00
# Visual Studio 2013
VisualStudioVersion = 12.0.31101.0
MinimumVisualStudioVersion = 10.0.40219.1
Project("{FAE04EC0-301F-11D3-BF4B-00C04F79EFBC}") = "Problem1.GroupPermutations", "Problem1.GroupPermutations\Problem1.GroupPermutations.csproj", "{31490E75-9F7B-47E0-9BA9-1A31C9E94724}"
EndProject
Project("{FAE04EC0-301F-11D3-BF4B-00C04F79EFBC}") = "Problem2.Bridges", "Problem2.Bridges\Problem2.Bridges.csproj", "{DEE10B6B-D710-4AF6-B666-FFB6B060DDF2}"
EndProject
Project("{FAE04EC0-301F-11D3-BF4B-00C04F79EFBC}") = "Problem3.GraphCycles", "Problem3.GraphCycles\Problem3.GraphCycles.csproj", "{2AF977FF-D697-4E51-BF99-240AE6D26B30}"
EndProject
Project("{FAE04EC0-301F-11D3-BF4B-00C04F79EFBC}") = "Problem4.LineInverter", "Problem4.LineInverter\Problem4.LineInverter.csproj", "{434D4B58-6DAF-4406-A33A-715C1C8630E2}"
EndProject
Global
	GlobalSection(SolutionConfigurationPlatforms) = preSolution
		Debug|Any CPU = Debug|Any CPU
		Release|Any CPU = Release|Any CPU
	EndGlobalSection
	GlobalSection(ProjectConfigurationPlatforms) = postSolution
		{31490E75-9F7B-47E0-9BA9-1A31C9E94724}.Debug|Any CPU.ActiveCfg = Debug|Any CPU
		{31490E75-9F7B-47E0-9BA9-1A31C9E94724}.Debug|Any CPU.Build.0 = Debug|Any CPU
		{31490E75-9F7B-47E0-9BA9-1A31C9E94724}.Release|Any CPU.ActiveCfg = Release|Any CPU
		{31490E75-9F7B-47E0-9BA9-1A31C9E94724}.Release|Any CPU.Build.0 = Release|Any CPU
		{DEE10B6B-D710-4AF6-B666-FFB6B060DDF2}.Debug|Any CPU.ActiveCfg = Debug|Any CPU
		{DEE10B6B-D710-4AF6-B666-FFB6B060DDF2}.Debug|Any CPU.Build.0 = Debug|Any CPU
		{DEE10B6B-D710-4AF6-B666-FFB6B060DDF2}.Release|Any CPU.ActiveCfg = Release|Any CPU
		{DEE10B6B-D710-4AF6-B666-FFB6B060DDF2}.Release|Any CPU.Build.0 = Release|Any CPU
		{2AF977FF-D697-4E51-BF99-240AE6D26B30}.Debug|Any CPU.ActiveCfg = Debug|Any CPU
		{2AF977FF-D697-4E51-BF99-240AE6D26B30}.Debug|Any CPU.Build.0 = Debug|Any CPU
		{2AF977FF-D697-4E51-BF99-240AE6D26B30}.Release|Any CPU.ActiveCfg = Release|Any CPU
		{2AF977FF-D697-4E51-BF99-240AE6D26B30}.Release|Any CPU.Build.0 = Release|Any CPU
		{434D4B58-6DAF-4406-A33A-715C1C8630E2}.Debug|Any CPU.ActiveCfg = Debug|Any CPU
		{434D4B58-6DAF-4406-A33A-715C1C8630E2}.Debug|Any CPU.Build.0 = Debug|Any CPU
		{434D4B58-6DAF-4406-A33A-715C1C8630E2}.Release|Any CPU.ActiveCfg = Release|Any CPU
		{434D4B58-6DAF-4406-A33A-715C1C8630E2}.Release|Any CPU.Build.0 = Release|Any CPU
	EndGlobalSection
	GlobalSection(SolutionProperties) = preSolution
		HideSolutionNode = FALSE
	EndGlobalSection
EndGlobal
