
Microsoft Visual Studio Solution File, Format Version 12.00
# Visual Studio 2013
VisualStudioVersion = 12.0.31101.0
MinimumVisualStudioVersion = 10.0.40219.1
Project("{FAE04EC0-301F-11D3-BF4B-00C04F79EFBC}") = "Problem1.ReverseArray", "Problem1.ReverseArray\Problem1.ReverseArray.csproj", "{1143D688-35D5-4BE6-B41C-7F509ADC4D7F}"
EndProject
Project("{FAE04EC0-301F-11D3-BF4B-00C04F79EFBC}") = "Problem2.NestedLoopsToRecursion", "Problem2.NestedLoopsToRecursion\Problem2.NestedLoopsToRecursion.csproj", "{2B8CCF02-EE8B-4CFD-B478-A6FAAD181446}"
EndProject
Project("{FAE04EC0-301F-11D3-BF4B-00C04F79EFBC}") = "Problem3.CombinationsWithRepetition", "Problem3.CombinationsWithRepetition\Problem3.CombinationsWithRepetition.csproj", "{1D68135A-DBD0-4398-92B2-F6D6B30141AE}"
EndProject
Project("{FAE04EC0-301F-11D3-BF4B-00C04F79EFBC}") = "Problem5.CombinationsWithoutRepetition", "Problem5.CombinationsWithoutRepetition\Problem5.CombinationsWithoutRepetition.csproj", "{134B592A-B029-4367-8C04-50BC00DE6252}"
EndProject
Project("{FAE04EC0-301F-11D3-BF4B-00C04F79EFBC}") = "Problem4.TowerOfHanoi", "Problem4.TowerOfHanoi\Problem4.TowerOfHanoi.csproj", "{2038C698-3078-46A6-913D-58519F5BEE6F}"
EndProject
Project("{FAE04EC0-301F-11D3-BF4B-00C04F79EFBC}") = "Problem6.PathsBetweenCellsInMatrix", "Problem6.PathsBetweenCellsInMatrix\Problem6.PathsBetweenCellsInMatrix.csproj", "{83E76698-607A-4DB3-AC0F-6827A178E44A}"
EndProject
Project("{FAE04EC0-301F-11D3-BF4B-00C04F79EFBC}") = "Problem7.ConnectedAreasInAMatrix", "Problem7.ConnectedAreasInAMatrix\Problem7.ConnectedAreasInAMatrix.csproj", "{37E733DF-9FF7-444D-8EEA-015F83FB35BB}"
EndProject
Global
	GlobalSection(SolutionConfigurationPlatforms) = preSolution
		Debug|Any CPU = Debug|Any CPU
		Release|Any CPU = Release|Any CPU
	EndGlobalSection
	GlobalSection(ProjectConfigurationPlatforms) = postSolution
		{1143D688-35D5-4BE6-B41C-7F509ADC4D7F}.Debug|Any CPU.ActiveCfg = Debug|Any CPU
		{1143D688-35D5-4BE6-B41C-7F509ADC4D7F}.Debug|Any CPU.Build.0 = Debug|Any CPU
		{1143D688-35D5-4BE6-B41C-7F509ADC4D7F}.Release|Any CPU.ActiveCfg = Release|Any CPU
		{1143D688-35D5-4BE6-B41C-7F509ADC4D7F}.Release|Any CPU.Build.0 = Release|Any CPU
		{2B8CCF02-EE8B-4CFD-B478-A6FAAD181446}.Debug|Any CPU.ActiveCfg = Debug|Any CPU
		{2B8CCF02-EE8B-4CFD-B478-A6FAAD181446}.Debug|Any CPU.Build.0 = Debug|Any CPU
		{2B8CCF02-EE8B-4CFD-B478-A6FAAD181446}.Release|Any CPU.ActiveCfg = Release|Any CPU
		{2B8CCF02-EE8B-4CFD-B478-A6FAAD181446}.Release|Any CPU.Build.0 = Release|Any CPU
		{1D68135A-DBD0-4398-92B2-F6D6B30141AE}.Debug|Any CPU.ActiveCfg = Debug|Any CPU
		{1D68135A-DBD0-4398-92B2-F6D6B30141AE}.Debug|Any CPU.Build.0 = Debug|Any CPU
		{1D68135A-DBD0-4398-92B2-F6D6B30141AE}.Release|Any CPU.ActiveCfg = Release|Any CPU
		{1D68135A-DBD0-4398-92B2-F6D6B30141AE}.Release|Any CPU.Build.0 = Release|Any CPU
		{134B592A-B029-4367-8C04-50BC00DE6252}.Debug|Any CPU.ActiveCfg = Debug|Any CPU
		{134B592A-B029-4367-8C04-50BC00DE6252}.Debug|Any CPU.Build.0 = Debug|Any CPU
		{134B592A-B029-4367-8C04-50BC00DE6252}.Release|Any CPU.ActiveCfg = Release|Any CPU
		{134B592A-B029-4367-8C04-50BC00DE6252}.Release|Any CPU.Build.0 = Release|Any CPU
		{2038C698-3078-46A6-913D-58519F5BEE6F}.Debug|Any CPU.ActiveCfg = Debug|Any CPU
		{2038C698-3078-46A6-913D-58519F5BEE6F}.Debug|Any CPU.Build.0 = Debug|Any CPU
		{2038C698-3078-46A6-913D-58519F5BEE6F}.Release|Any CPU.ActiveCfg = Release|Any CPU
		{2038C698-3078-46A6-913D-58519F5BEE6F}.Release|Any CPU.Build.0 = Release|Any CPU
		{83E76698-607A-4DB3-AC0F-6827A178E44A}.Debug|Any CPU.ActiveCfg = Debug|Any CPU
		{83E76698-607A-4DB3-AC0F-6827A178E44A}.Debug|Any CPU.Build.0 = Debug|Any CPU
		{83E76698-607A-4DB3-AC0F-6827A178E44A}.Release|Any CPU.ActiveCfg = Release|Any CPU
		{83E76698-607A-4DB3-AC0F-6827A178E44A}.Release|Any CPU.Build.0 = Release|Any CPU
		{37E733DF-9FF7-444D-8EEA-015F83FB35BB}.Debug|Any CPU.ActiveCfg = Debug|Any CPU
		{37E733DF-9FF7-444D-8EEA-015F83FB35BB}.Debug|Any CPU.Build.0 = Debug|Any CPU
		{37E733DF-9FF7-444D-8EEA-015F83FB35BB}.Release|Any CPU.ActiveCfg = Release|Any CPU
		{37E733DF-9FF7-444D-8EEA-015F83FB35BB}.Release|Any CPU.Build.0 = Release|Any CPU
	EndGlobalSection
	GlobalSection(SolutionProperties) = preSolution
		HideSolutionNode = FALSE
	EndGlobalSection
EndGlobal
